// !$*UTF8*$!
{
	archiveVersion = 1;
	classes = {
	};
	objectVersion = 50;
	objects = {

/* Begin PBXBuildFile section */
		5259D6F5218A6BC00031B966 /* Car-Scene.scn in Resources */ = {isa = PBXBuildFile; fileRef = 5259D6F4218A6BC00031B966 /* Car-Scene.scn */; };
		52840CDA2181559800F82ED2 /* AppDelegate.swift in Sources */ = {isa = PBXBuildFile; fileRef = 52840CD92181559800F82ED2 /* AppDelegate.swift */; };
		52840CDC2181559800F82ED2 /* ViewController.swift in Sources */ = {isa = PBXBuildFile; fileRef = 52840CDB2181559800F82ED2 /* ViewController.swift */; };
		52840CDF2181559800F82ED2 /* Main.storyboard in Resources */ = {isa = PBXBuildFile; fileRef = 52840CDD2181559800F82ED2 /* Main.storyboard */; };
		52840CE12181559900F82ED2 /* Assets.xcassets in Resources */ = {isa = PBXBuildFile; fileRef = 52840CE02181559900F82ED2 /* Assets.xcassets */; };
		52840CE42181559900F82ED2 /* LaunchScreen.storyboard in Resources */ = {isa = PBXBuildFile; fileRef = 52840CE22181559900F82ED2 /* LaunchScreen.storyboard */; };
		52840CEF2181559900F82ED2 /* ARFloorTests.swift in Sources */ = {isa = PBXBuildFile; fileRef = 52840CEE2181559900F82ED2 /* ARFloorTests.swift */; };
		52840CFA2181559900F82ED2 /* ARFloorUITests.swift in Sources */ = {isa = PBXBuildFile; fileRef = 52840CF92181559900F82ED2 /* ARFloorUITests.swift */; };
/* End PBXBuildFile section */

/* Begin PBXContainerItemProxy section */
		52840CEB2181559900F82ED2 /* PBXContainerItemProxy */ = {
			isa = PBXContainerItemProxy;
			containerPortal = 52840CCE2181559800F82ED2 /* Project object */;
			proxyType = 1;
			remoteGlobalIDString = 52840CD52181559800F82ED2;
			remoteInfo = ARFloor;
		};
		52840CF62181559900F82ED2 /* PBXContainerItemProxy */ = {
			isa = PBXContainerItemProxy;
			containerPortal = 52840CCE2181559800F82ED2 /* Project object */;
			proxyType = 1;
			remoteGlobalIDString = 52840CD52181559800F82ED2;
			remoteInfo = ARFloor;
		};
/* End PBXContainerItemProxy section */

/* Begin PBXFileReference section */
		5259D6F4218A6BC00031B966 /* Car-Scene.scn */ = {isa = PBXFileReference; lastKnownFileType = file.bplist; path = "Car-Scene.scn"; sourceTree = "<group>"; };
		52840CD62181559800F82ED2 /* ARCAR.app */ = {isa = PBXFileReference; explicitFileType = wrapper.application; includeInIndex = 0; path = ARCAR.app; sourceTree = BUILT_PRODUCTS_DIR; };
		52840CD92181559800F82ED2 /* AppDelegate.swift */ = {isa = PBXFileReference; lastKnownFileType = sourcecode.swift; path = AppDelegate.swift; sourceTree = "<group>"; };
		52840CDB2181559800F82ED2 /* ViewController.swift */ = {isa = PBXFileReference; lastKnownFileType = sourcecode.swift; path = ViewController.swift; sourceTree = "<group>"; };
		52840CDE2181559800F82ED2 /* Base */ = {isa = PBXFileReference; lastKnownFileType = file.storyboard; name = Base; path = Base.lproj/Main.storyboard; sourceTree = "<group>"; };
		52840CE02181559900F82ED2 /* Assets.xcassets */ = {isa = PBXFileReference; lastKnownFileType = folder.assetcatalog; path = Assets.xcassets; sourceTree = "<group>"; };
		52840CE32181559900F82ED2 /* Base */ = {isa = PBXFileReference; lastKnownFileType = file.storyboard; name = Base; path = Base.lproj/LaunchScreen.storyboard; sourceTree = "<group>"; };
		52840CE52181559900F82ED2 /* Info.plist */ = {isa = PBXFileReference; lastKnownFileType = text.plist.xml; path = Info.plist; sourceTree = "<group>"; };
		52840CEA2181559900F82ED2 /* ARCARTests.xctest */ = {isa = PBXFileReference; explicitFileType = wrapper.cfbundle; includeInIndex = 0; path = ARCARTests.xctest; sourceTree = BUILT_PRODUCTS_DIR; };
		52840CEE2181559900F82ED2 /* ARFloorTests.swift */ = {isa = PBXFileReference; lastKnownFileType = sourcecode.swift; path = ARFloorTests.swift; sourceTree = "<group>"; };
		52840CF02181559900F82ED2 /* Info.plist */ = {isa = PBXFileReference; lastKnownFileType = text.plist.xml; path = Info.plist; sourceTree = "<group>"; };
		52840CF52181559900F82ED2 /* ARCARUITests.xctest */ = {isa = PBXFileReference; explicitFileType = wrapper.cfbundle; includeInIndex = 0; path = ARCARUITests.xctest; sourceTree = BUILT_PRODUCTS_DIR; };
		52840CF92181559900F82ED2 /* ARFloorUITests.swift */ = {isa = PBXFileReference; lastKnownFileType = sourcecode.swift; path = ARFloorUITests.swift; sourceTree = "<group>"; };
		52840CFB2181559900F82ED2 /* Info.plist */ = {isa = PBXFileReference; lastKnownFileType = text.plist.xml; path = Info.plist; sourceTree = "<group>"; };
/* End PBXFileReference section */

/* Begin PBXFrameworksBuildPhase section */
		52840CD32181559800F82ED2 /* Frameworks */ = {
			isa = PBXFrameworksBuildPhase;
			buildActionMask = 2147483647;
			files = (
			);
			runOnlyForDeploymentPostprocessing = 0;
		};
		52840CE72181559900F82ED2 /* Frameworks */ = {
			isa = PBXFrameworksBuildPhase;
			buildActionMask = 2147483647;
			files = (
			);
			runOnlyForDeploymentPostprocessing = 0;
		};
		52840CF22181559900F82ED2 /* Frameworks */ = {
			isa = PBXFrameworksBuildPhase;
			buildActionMask = 2147483647;
			files = (
			);
			runOnlyForDeploymentPostprocessing = 0;
		};
/* End PBXFrameworksBuildPhase section */

/* Begin PBXGroup section */
		52840CCD2181559800F82ED2 = {
			isa = PBXGroup;
			children = (
				52840CD82181559800F82ED2 /* ARFloor */,
				52840CED2181559900F82ED2 /* ARFloorTests */,
				52840CF82181559900F82ED2 /* ARFloorUITests */,
				52840CD72181559800F82ED2 /* Products */,
			);
			sourceTree = "<group>";
		};
		52840CD72181559800F82ED2 /* Products */ = {
			isa = PBXGroup;
			children = (
				52840CD62181559800F82ED2 /* ARCAR.app */,
				52840CEA2181559900F82ED2 /* ARCARTests.xctest */,
				52840CF52181559900F82ED2 /* ARCARUITests.xctest */,
			);
			name = Products;
			sourceTree = "<group>";
		};
		52840CD82181559800F82ED2 /* ARFloor */ = {
			isa = PBXGroup;
			children = (
				52840CD92181559800F82ED2 /* AppDelegate.swift */,
				52840CDB2181559800F82ED2 /* ViewController.swift */,
				52840CDD2181559800F82ED2 /* Main.storyboard */,
				52840CE02181559900F82ED2 /* Assets.xcassets */,
				52840CE22181559900F82ED2 /* LaunchScreen.storyboard */,
				52840CE52181559900F82ED2 /* Info.plist */,
				5259D6F4218A6BC00031B966 /* Car-Scene.scn */,
			);
			path = ARFloor;
			sourceTree = "<group>";
		};
		52840CED2181559900F82ED2 /* ARFloorTests */ = {
			isa = PBXGroup;
			children = (
				52840CEE2181559900F82ED2 /* ARFloorTests.swift */,
				52840CF02181559900F82ED2 /* Info.plist */,
			);
			path = ARFloorTests;
			sourceTree = "<group>";
		};
		52840CF82181559900F82ED2 /* ARFloorUITests */ = {
			isa = PBXGroup;
			children = (
				52840CF92181559900F82ED2 /* ARFloorUITests.swift */,
				52840CFB2181559900F82ED2 /* Info.plist */,
			);
			path = ARFloorUITests;
			sourceTree = "<group>";
		};
/* End PBXGroup section */

/* Begin PBXNativeTarget section */
		52840CD52181559800F82ED2 /* ARCAR */ = {
			isa = PBXNativeTarget;
			buildConfigurationList = 52840CFE2181559900F82ED2 /* Build configuration list for PBXNativeTarget "ARCAR" */;
			buildPhases = (
				52840CD22181559800F82ED2 /* Sources */,
				52840CD32181559800F82ED2 /* Frameworks */,
				52840CD42181559800F82ED2 /* Resources */,
			);
			buildRules = (
			);
			dependencies = (
			);
			name = ARCAR;
			productName = ARFloor;
			productReference = 52840CD62181559800F82ED2 /* ARCAR.app */;
			productType = "com.apple.product-type.application";
		};
		52840CE92181559900F82ED2 /* ARCARTests */ = {
			isa = PBXNativeTarget;
			buildConfigurationList = 52840D012181559900F82ED2 /* Build configuration list for PBXNativeTarget "ARCARTests" */;
			buildPhases = (
				52840CE62181559900F82ED2 /* Sources */,
				52840CE72181559900F82ED2 /* Frameworks */,
				52840CE82181559900F82ED2 /* Resources */,
			);
			buildRules = (
			);
			dependencies = (
				52840CEC2181559900F82ED2 /* PBXTargetDependency */,
			);
			name = ARCARTests;
			productName = ARFloorTests;
			productReference = 52840CEA2181559900F82ED2 /* ARCARTests.xctest */;
			productType = "com.apple.product-type.bundle.unit-test";
		};
		52840CF42181559900F82ED2 /* ARCARUITests */ = {
			isa = PBXNativeTarget;
			buildConfigurationList = 52840D042181559900F82ED2 /* Build configuration list for PBXNativeTarget "ARCARUITests" */;
			buildPhases = (
				52840CF12181559900F82ED2 /* Sources */,
				52840CF22181559900F82ED2 /* Frameworks */,
				52840CF32181559900F82ED2 /* Resources */,
			);
			buildRules = (
			);
			dependencies = (
				52840CF72181559900F82ED2 /* PBXTargetDependency */,
			);
			name = ARCARUITests;
			productName = ARFloorUITests;
			productReference = 52840CF52181559900F82ED2 /* ARCARUITests.xctest */;
			productType = "com.apple.product-type.bundle.ui-testing";
		};
/* End PBXNativeTarget section */

/* Begin PBXProject section */
		52840CCE2181559800F82ED2 /* Project object */ = {
			isa = PBXProject;
			attributes = {
				LastSwiftUpdateCheck = 1000;
				LastUpgradeCheck = 1000;
				ORGANIZATIONNAME = "Yacha Toueg";
				TargetAttributes = {
					52840CD52181559800F82ED2 = {
						CreatedOnToolsVersion = 10.0;
					};
					52840CE92181559900F82ED2 = {
						CreatedOnToolsVersion = 10.0;
						TestTargetID = 52840CD52181559800F82ED2;
					};
					52840CF42181559900F82ED2 = {
						CreatedOnToolsVersion = 10.0;
						TestTargetID = 52840CD52181559800F82ED2;
					};
				};
			};
			buildConfigurationList = 52840CD12181559800F82ED2 /* Build configuration list for PBXProject "ARCAR" */;
			compatibilityVersion = "Xcode 9.3";
			developmentRegion = en;
			hasScannedForEncodings = 0;
			knownRegions = (
				en,
				Base,
			);
			mainGroup = 52840CCD2181559800F82ED2;
			productRefGroup = 52840CD72181559800F82ED2 /* Products */;
			projectDirPath = "";
			projectRoot = "";
			targets = (
				52840CD52181559800F82ED2 /* ARCAR */,
				52840CE92181559900F82ED2 /* ARCARTests */,
				52840CF42181559900F82ED2 /* ARCARUITests */,
			);
		};
/* End PBXProject section */

/* Begin PBXResourcesBuildPhase section */
		52840CD42181559800F82ED2 /* Resources */ = {
			isa = PBXResourcesBuildPhase;
			buildActionMask = 2147483647;
			files = (
				5259D6F5218A6BC00031B966 /* Car-Scene.scn in Resources */,
				52840CE42181559900F82ED2 /* LaunchScreen.storyboard in Resources */,
				52840CE12181559900F82ED2 /* Assets.xcassets in Resources */,
				52840CDF2181559800F82ED2 /* Main.storyboard in Resources */,
			);
			runOnlyForDeploymentPostprocessing = 0;
		};
		52840CE82181559900F82ED2 /* Resources */ = {
			isa = PBXResourcesBuildPhase;
			buildActionMask = 2147483647;
			files = (
			);
			runOnlyForDeploymentPostprocessing = 0;
		};
		52840CF32181559900F82ED2 /* Resources */ = {
			isa = PBXResourcesBuildPhase;
			buildActionMask = 2147483647;
			files = (
			);
			runOnlyForDeploymentPostprocessing = 0;
		};
/* End PBXResourcesBuildPhase section */

/* Begin PBXSourcesBuildPhase section */
		52840CD22181559800F82ED2 /* Sources */ = {
			isa = PBXSourcesBuildPhase;
			buildActionMask = 2147483647;
			files = (
				52840CDC2181559800F82ED2 /* ViewController.swift in Sources */,
				52840CDA2181559800F82ED2 /* AppDelegate.swift in Sources */,
			);
			runOnlyForDeploymentPostprocessing = 0;
		};
		52840CE62181559900F82ED2 /* Sources */ = {
			isa = PBXSourcesBuildPhase;
			buildActionMask = 2147483647;
			files = (
				52840CEF2181559900F82ED2 /* ARFloorTests.swift in Sources */,
			);
			runOnlyForDeploymentPostprocessing = 0;
		};
		52840CF12181559900F82ED2 /* Sources */ = {
			isa = PBXSourcesBuildPhase;
			buildActionMask = 2147483647;
			files = (
				52840CFA2181559900F82ED2 /* ARFloorUITests.swift in Sources */,
			);
			runOnlyForDeploymentPostprocessing = 0;
		};
/* End PBXSourcesBuildPhase section */

/* Begin PBXTargetDependency section */
		52840CEC2181559900F82ED2 /* PBXTargetDependency */ = {
			isa = PBXTargetDependency;
			target = 52840CD52181559800F82ED2 /* ARCAR */;
			targetProxy = 52840CEB2181559900F82ED2 /* PBXContainerItemProxy */;
		};
		52840CF72181559900F82ED2 /* PBXTargetDependency */ = {
			isa = PBXTargetDependency;
			target = 52840CD52181559800F82ED2 /* ARCAR */;
			targetProxy = 52840CF62181559900F82ED2 /* PBXContainerItemProxy */;
		};
/* End PBXTargetDependency section */

/* Begin PBXVariantGroup section */
		52840CDD2181559800F82ED2 /* Main.storyboard */ = {
			isa = PBXVariantGroup;
			children = (
				52840CDE2181559800F82ED2 /* Base */,
			);
			name = Main.storyboard;
			sourceTree = "<group>";
		};
		52840CE22181559900F82ED2 /* LaunchScreen.storyboard */ = {
			isa = PBXVariantGroup;
			children = (
				52840CE32181559900F82ED2 /* Base */,
			);
			name = LaunchScreen.storyboard;
			sourceTree = "<group>";
		};
/* End PBXVariantGroup section */

/* Begin XCBuildConfiguration section */
		52840CFC2181559900F82ED2 /* Debug */ = {
			isa = XCBuildConfiguration;
			buildSettings = {
				ALWAYS_SEARCH_USER_PATHS = NO;
				CLANG_ANALYZER_NONNULL = YES;
				CLANG_ANALYZER_NUMBER_OBJECT_CONVERSION = YES_AGGRESSIVE;
				CLANG_CXX_LANGUAGE_STANDARD = "gnu++14";
				CLANG_CXX_LIBRARY = "libc++";
				CLANG_ENABLE_MODULES = YES;
				CLANG_ENABLE_OBJC_ARC = YES;
				CLANG_ENABLE_OBJC_WEAK = YES;
				CLANG_WARN_BLOCK_CAPTURE_AUTORELEASING = YES;
				CLANG_WARN_BOOL_CONVERSION = YES;
				CLANG_WARN_COMMA = YES;
				CLANG_WARN_CONSTANT_CONVERSION = YES;
				CLANG_WARN_DEPRECATED_OBJC_IMPLEMENTATIONS = YES;
				CLANG_WARN_DIRECT_OBJC_ISA_USAGE = YES_ERROR;
				CLANG_WARN_DOCUMENTATION_COMMENTS = YES;
				CLANG_WARN_EMPTY_BODY = YES;
				CLANG_WARN_ENUM_CONVERSION = YES;
				CLANG_WARN_INFINITE_RECURSION = YES;
				CLANG_WARN_INT_CONVERSION = YES;
				CLANG_WARN_NON_LITERAL_NULL_CONVERSION = YES;
				CLANG_WARN_OBJC_IMPLICIT_RETAIN_SELF = YES;
				CLANG_WARN_OBJC_LITERAL_CONVERSION = YES;
				CLANG_WARN_OBJC_ROOT_CLASS = YES_ERROR;
				CLANG_WARN_RANGE_LOOP_ANALYSIS = YES;
				CLANG_WARN_STRICT_PROTOTYPES = YES;
				CLANG_WARN_SUSPICIOUS_MOVE = YES;
				CLANG_WARN_UNGUARDED_AVAILABILITY = YES_AGGRESSIVE;
				CLANG_WARN_UNREACHABLE_CODE = YES;
				CLANG_WARN__DUPLICATE_METHOD_MATCH = YES;
				CODE_SIGN_IDENTITY = "iPhone Developer";
				COPY_PHASE_STRIP = NO;
				DEBUG_INFORMATION_FORMAT = dwarf;
				ENABLE_STRICT_OBJC_MSGSEND = YES;
				ENABLE_TESTABILITY = YES;
				GCC_C_LANGUAGE_STANDARD = gnu11;
				GCC_DYNAMIC_NO_PIC = NO;
				GCC_NO_COMMON_BLOCKS = YES;
				GCC_OPTIMIZATION_LEVEL = 0;
				GCC_PREPROCESSOR_DEFINITIONS = (
					"DEBUG=1",
					"$(inherited)",
				);
				GCC_WARN_64_TO_32_BIT_CONVERSION = YES;
				GCC_WARN_ABOUT_RETURN_TYPE = YES_ERROR;
				GCC_WARN_UNDECLARED_SELECTOR = YES;
				GCC_WARN_UNINITIALIZED_AUTOS = YES_AGGRESSIVE;
				GCC_WARN_UNUSED_FUNCTION = YES;
				GCC_WARN_UNUSED_VARIABLE = YES;
				IPHONEOS_DEPLOYMENT_TARGET = 12.0;
				MTL_ENABLE_DEBUG_INFO = INCLUDE_SOURCE;
				MTL_FAST_MATH = YES;
				ONLY_ACTIVE_ARCH = YES;
				SDKROOT = iphoneos;
				SWIFT_ACTIVE_COMPILATION_CONDITIONS = DEBUG;
				SWIFT_OPTIMIZATION_LEVEL = "-Onone";
			};
			name = Debug;
		};
		52840CFD2181559900F82ED2 /* Release */ = {
			isa = XCBuildConfiguration;
			buildSettings = {
				ALWAYS_SEARCH_USER_PATHS = NO;
				CLANG_ANALYZER_NONNULL = YES;
				CLANG_ANALYZER_NUMBER_OBJECT_CONVERSION = YES_AGGRESSIVE;
				CLANG_CXX_LANGUAGE_STANDARD = "gnu++14";
				CLANG_CXX_LIBRARY = "libc++";
				CLANG_ENABLE_MODULES = YES;
				CLANG_ENABLE_OBJC_ARC = YES;
				CLANG_ENABLE_OBJC_WEAK = YES;
				CLANG_WARN_BLOCK_CAPTURE_AUTORELEASING = YES;
				CLANG_WARN_BOOL_CONVERSION = YES;
				CLANG_WARN_COMMA = YES;
				CLANG_WARN_CONSTANT_CONVERSION = YES;
				CLANG_WARN_DEPRECATED_OBJC_IMPLEMENTATIONS = YES;
				CLANG_WARN_DIRECT_OBJC_ISA_USAGE = YES_ERROR;
				CLANG_WARN_DOCUMENTATION_COMMENTS = YES;
				CLANG_WARN_EMPTY_BODY = YES;
				CLANG_WARN_ENUM_CONVERSION = YES;
				CLANG_WARN_INFINITE_RECURSION = YES;
				CLANG_WARN_INT_CONVERSION = YES;
				CLANG_WARN_NON_LITERAL_NULL_CONVERSION = YES;
				CLANG_WARN_OBJC_IMPLICIT_RETAIN_SELF = YES;
				CLANG_WARN_OBJC_LITERAL_CONVERSION = YES;
				CLANG_WARN_OBJC_ROOT_CLASS = YES_ERROR;
				CLANG_WARN_RANGE_LOOP_ANALYSIS = YES;
				CLANG_WARN_STRICT_PROTOTYPES = YES;
				CLANG_WARN_SUSPICIOUS_MOVE = YES;
				CLANG_WARN_UNGUARDED_AVAILABILITY = YES_AGGRESSIVE;
				CLANG_WARN_UNREACHABLE_CODE = YES;
				CLANG_WARN__DUPLICATE_METHOD_MATCH = YES;
				CODE_SIGN_IDENTITY = "iPhone Developer";
				COPY_PHASE_STRIP = NO;
				DEBUG_INFORMATION_FORMAT = "dwarf-with-dsym";
				ENABLE_NS_ASSERTIONS = NO;
				ENABLE_STRICT_OBJC_MSGSEND = YES;
				GCC_C_LANGUAGE_STANDARD = gnu11;
				GCC_NO_COMMON_BLOCKS = YES;
				GCC_WARN_64_TO_32_BIT_CONVERSION = YES;
				GCC_WARN_ABOUT_RETURN_TYPE = YES_ERROR;
				GCC_WARN_UNDECLARED_SELECTOR = YES;
				GCC_WARN_UNINITIALIZED_AUTOS = YES_AGGRESSIVE;
				GCC_WARN_UNUSED_FUNCTION = YES;
				GCC_WARN_UNUSED_VARIABLE = YES;
				IPHONEOS_DEPLOYMENT_TARGET = 12.0;
				MTL_ENABLE_DEBUG_INFO = NO;
				MTL_FAST_MATH = YES;
				SDKROOT = iphoneos;
				SWIFT_COMPILATION_MODE = wholemodule;
				SWIFT_OPTIMIZATION_LEVEL = "-O";
				VALIDATE_PRODUCT = YES;
			};
			name = Release;
		};
		52840CFF2181559900F82ED2 /* Debug */ = {
			isa = XCBuildConfiguration;
			buildSettings = {
				ASSETCATALOG_COMPILER_APPICON_NAME = AppIcon;
				CODE_SIGN_STYLE = Automatic;
				DEVELOPMENT_TEAM = 9M8WN42A3T;
				INFOPLIST_FILE = ARFloor/Info.plist;
				LD_RUNPATH_SEARCH_PATHS = (
					"$(inherited)",
					"@executable_path/Frameworks",
				);
				PRODUCT_BUNDLE_IDENTIFIER = Yacha.ARFloor;
				PRODUCT_NAME = "$(TARGET_NAME)";
				SWIFT_VERSION = 4.2;
				TARGETED_DEVICE_FAMILY = "1,2";
			};
			name = Debug;
		};
		52840D002181559900F82ED2 /* Release */ = {
			isa = XCBuildConfiguration;
			buildSettings = {
				ASSETCATALOG_COMPILER_APPICON_NAME = AppIcon;
				CODE_SIGN_STYLE = Automatic;
				DEVELOPMENT_TEAM = 9M8WN42A3T;
				INFOPLIST_FILE = ARFloor/Info.plist;
				LD_RUNPATH_SEARCH_PATHS = (
					"$(inherited)",
					"@executable_path/Frameworks",
				);
				PRODUCT_BUNDLE_IDENTIFIER = Yacha.ARFloor;
				PRODUCT_NAME = "$(TARGET_NAME)";
				SWIFT_VERSION = 4.2;
				TARGETED_DEVICE_FAMILY = "1,2";
			};
			name = Release;
		};
		52840D022181559900F82ED2 /* Debug */ = {
			isa = XCBuildConfiguration;
			buildSettings = {
				ALWAYS_EMBED_SWIFT_STANDARD_LIBRARIES = YES;
				BUNDLE_LOADER = "$(TEST_HOST)";
				CODE_SIGN_STYLE = Automatic;
				INFOPLIST_FILE = ARFloorTests/Info.plist;
				LD_RUNPATH_SEARCH_PATHS = (
					"$(inherited)",
					"@executable_path/Frameworks",
					"@loader_path/Frameworks",
				);
				PRODUCT_BUNDLE_IDENTIFIER = Yacha.ARFloorTests;
				PRODUCT_NAME = "$(TARGET_NAME)";
				SWIFT_VERSION = 4.2;
				TARGETED_DEVICE_FAMILY = "1,2";
				TEST_HOST = "$(BUILT_PRODUCTS_DIR)/ARCAR.app/ARCAR";
			};
			name = Debug;
		};
		52840D032181559900F82ED2 /* Release */ = {
			isa = XCBuildConfiguration;
			buildSettings = {
				ALWAYS_EMBED_SWIFT_STANDARD_LIBRARIES = YES;
				BUNDLE_LOADER = "$(TEST_HOST)";
				CODE_SIGN_STYLE = Automatic;
				INFOPLIST_FILE = ARFloorTests/Info.plist;
				LD_RUNPATH_SEARCH_PATHS = (
					"$(inherited)",
					"@executable_path/Frameworks",
					"@loader_path/Frameworks",
				);
				PRODUCT_BUNDLE_IDENTIFIER = Yacha.ARFloorTests;
				PRODUCT_NAME = "$(TARGET_NAME)";
				SWIFT_VERSION = 4.2;
				TARGETED_DEVICE_FAMILY = "1,2";
				TEST_HOST = "$(BUILT_PRODUCTS_DIR)/ARCAR.app/ARCAR";
			};
			name = Release;
		};
		52840D052181559900F82ED2 /* Debug */ = {
			isa = XCBuildConfiguration;
			buildSettings = {
				ALWAYS_EMBED_SWIFT_STANDARD_LIBRARIES = YES;
				CODE_SIGN_STYLE = Automatic;
				INFOPLIST_FILE = ARFloorUITests/Info.plist;
				LD_RUNPATH_SEARCH_PATHS = (
					"$(inherited)",
					"@executable_path/Frameworks",
					"@loader_path/Frameworks",
				);
				PRODUCT_BUNDLE_IDENTIFIER = Yacha.ARFloorUITests;
				PRODUCT_NAME = "$(TARGET_NAME)";
				SWIFT_VERSION = 4.2;
				TARGETED_DEVICE_FAMILY = "1,2";
				TEST_TARGET_NAME = ARFloor;
			};
			name = Debug;
		};
		52840D062181559900F82ED2 /* Release */ = {
			isa = XCBuildConfiguration;
			buildSettings = {
				ALWAYS_EMBED_SWIFT_STANDARD_LIBRARIES = YES;
				CODE_SIGN_STYLE = Automatic;
				INFOPLIST_FILE = ARFloorUITests/Info.plist;
				LD_RUNPATH_SEARCH_PATHS = (
					"$(inherited)",
					"@executable_path/Frameworks",
					"@loader_path/Frameworks",
				);
				PRODUCT_BUNDLE_IDENTIFIER = Yacha.ARFloorUITests;
				PRODUCT_NAME = "$(TARGET_NAME)";
				SWIFT_VERSION = 4.2;
				TARGETED_DEVICE_FAMILY = "1,2";
				TEST_TARGET_NAME = ARFloor;
			};
			name = Release;
		};
/* End XCBuildConfiguration section */

/* Begin XCConfigurationList section */
		52840CD12181559800F82ED2 /* Build configuration list for PBXProject "ARCAR" */ = {
			isa = XCConfigurationList;
			buildConfigurations = (
				52840CFC2181559900F82ED2 /* Debug */,
				52840CFD2181559900F82ED2 /* Release */,
			);
			defaultConfigurationIsVisible = 0;
			defaultConfigurationName = Release;
		};
		52840CFE2181559900F82ED2 /* Build configuration list for PBXNativeTarget "ARCAR" */ = {
			isa = XCConfigurationList;
			buildConfigurations = (
				52840CFF2181559900F82ED2 /* Debug */,
				52840D002181559900F82ED2 /* Release */,
			);
			defaultConfigurationIsVisible = 0;
			defaultConfigurationName = Release;
		};
		52840D012181559900F82ED2 /* Build configuration list for PBXNativeTarget "ARCARTests" */ = {
			isa = XCConfigurationList;
			buildConfigurations = (
				52840D022181559900F82ED2 /* Debug */,
				52840D032181559900F82ED2 /* Release */,
			);
			defaultConfigurationIsVisible = 0;
			defaultConfigurationName = Release;
		};
		52840D042181559900F82ED2 /* Build configuration list for PBXNativeTarget "ARCARUITests" */ = {
			isa = XCConfigurationList;
			buildConfigurations = (
				52840D052181559900F82ED2 /* Debug */,
				52840D062181559900F82ED2 /* Release */,
			);
			defaultConfigurationIsVisible = 0;
			defaultConfigurationName = Release;
		};
/* End XCConfigurationList section */
	};
	rootObject = 52840CCE2181559800F82ED2 /* Project object */;
}
